PODS:
  - desktop_drop (0.0.1):
    - FlutterMacOS
  - file_picker (0.0.1):
    - FlutterMacOS
  - FlutterMacOS (1.0.0)
  - in_app_purchase_storekit (0.0.1):
    - Flutter
    - FlutterMacOS
  - package_info_plus (0.0.1):
    - FlutterMacOS
  - path_provider_foundation (0.0.1):
    - Flutter
    - FlutterMacOS
  - shared_preferences_foundation (0.0.1):
    - Flutter
    - FlutterMacOS
  - url_launcher_macos (0.0.1):
    - FlutterMacOS
  - webview_flutter_wkwebview (0.0.1):
    - Flutter
    - FlutterMacOS

DEPENDENCIES:
  - desktop_drop (from `Flutter/ephemeral/.symlinks/plugins/desktop_drop/macos`)
  - file_picker (from `Flutter/ephemeral/.symlinks/plugins/file_picker/macos`)
  - FlutterMacOS (from `Flutter/ephemeral`)
  - in_app_purchase_storekit (from `Flutter/ephemeral/.symlinks/plugins/in_app_purchase_storekit/darwin`)
  - package_info_plus (from `Flutter/ephemeral/.symlinks/plugins/package_info_plus/macos`)
  - path_provider_foundation (from `Flutter/ephemeral/.symlinks/plugins/path_provider_foundation/darwin`)
  - shared_preferences_foundation (from `Flutter/ephemeral/.symlinks/plugins/shared_preferences_foundation/darwin`)
  - url_launcher_macos (from `Flutter/ephemeral/.symlinks/plugins/url_launcher_macos/macos`)
  - webview_flutter_wkwebview (from `Flutter/ephemeral/.symlinks/plugins/webview_flutter_wkwebview/darwin`)

EXTERNAL SOURCES:
  desktop_drop:
    :path: Flutter/ephemeral/.symlinks/plugins/desktop_drop/macos
  file_picker:
    :path: Flutter/ephemeral/.symlinks/plugins/file_picker/macos
  FlutterMacOS:
    :path: Flutter/ephemeral
  in_app_purchase_storekit:
    :path: Flutter/ephemeral/.symlinks/plugins/in_app_purchase_storekit/darwin
  package_info_plus:
    :path: Flutter/ephemeral/.symlinks/plugins/package_info_plus/macos
  path_provider_foundation:
    :path: Flutter/ephemeral/.symlinks/plugins/path_provider_foundation/darwin
  shared_preferences_foundation:
    :path: Flutter/ephemeral/.symlinks/plugins/shared_preferences_foundation/darwin
  url_launcher_macos:
    :path: Flutter/ephemeral/.symlinks/plugins/url_launcher_macos/macos
  webview_flutter_wkwebview:
    :path: Flutter/ephemeral/.symlinks/plugins/webview_flutter_wkwebview/darwin

SPEC CHECKSUMS:
  desktop_drop: 1eeeb9484299585770b6461e4f3d60950e99efa2
  file_picker: e716a70a9fe5fd9e09ebc922d7541464289443af
  FlutterMacOS: d0db08ddef1a9af05a5ec4b724367152bb0500b1
  in_app_purchase_storekit: 2342c0a5da86593124d08dd13d920f39a52b273a
  package_info_plus: 12f1c5c2cfe8727ca46cbd0b26677728972d9a5b
  path_provider_foundation: 0b743cbb62d8e47eab856f09262bb8c1ddcfe6ba
  shared_preferences_foundation: 5086985c1d43c5ba4d5e69a4e8083a389e2909e6
  url_launcher_macos: 175a54c831f4375a6cf895875f716ee5af3888ce
  webview_flutter_wkwebview: 29eb20d43355b48fe7d07113835b9128f84e3af4

PODFILE CHECKSUM: 54d867c82ac51cbd61b565781b9fada492027009

COCOAPODS: 1.15.2
